// !$*UTF8*$!
{
	archiveVersion = 1;
	classes = {
	};
	objectVersion = 55;
	objects = {

/* Begin PBXBuildFile section */
		991F905C28AAD8BC0085050B /* AppDelegate.swift in Sources */ = {isa = PBXBuildFile; fileRef = 991F905B28AAD8BC0085050B /* AppDelegate.swift */; };
		991F905E28AAD8BC0085050B /* SceneDelegate.swift in Sources */ = {isa = PBXBuildFile; fileRef = 991F905D28AAD8BC0085050B /* SceneDelegate.swift */; };
		991F906328AAD8BC0085050B /* Main.storyboard in Resources */ = {isa = PBXBuildFile; fileRef = 991F906128AAD8BC0085050B /* Main.storyboard */; };
		991F906528AAD8BD0085050B /* Assets.xcassets in Resources */ = {isa = PBXBuildFile; fileRef = 991F906428AAD8BD0085050B /* Assets.xcassets */; };
		991F906828AAD8BD0085050B /* LaunchScreen.storyboard in Resources */ = {isa = PBXBuildFile; fileRef = 991F906628AAD8BD0085050B /* LaunchScreen.storyboard */; };
		991F907328AAD9960085050B /* MarketNewsViewController.swift in Sources */ = {isa = PBXBuildFile; fileRef = 991F907228AAD9960085050B /* MarketNewsViewController.swift */; };
		991F907628AB2B9E0085050B /* HTTPMethod.swift in Sources */ = {isa = PBXBuildFile; fileRef = 991F907528AB2B9E0085050B /* HTTPMethod.swift */; };
		991F907828AB36570085050B /* HTTPClient.swift in Sources */ = {isa = PBXBuildFile; fileRef = 991F907728AB36570085050B /* HTTPClient.swift */; };
		991F907A28AB36990085050B /* HTTPStatusCodes.swift in Sources */ = {isa = PBXBuildFile; fileRef = 991F907928AB36990085050B /* HTTPStatusCodes.swift */; };
		991F907C28AB3A610085050B /* Request.swift in Sources */ = {isa = PBXBuildFile; fileRef = 991F907B28AB3A610085050B /* Request.swift */; };
		995A6A3A28AC39B6005776B1 /* RequestAPIError.swift in Sources */ = {isa = PBXBuildFile; fileRef = 995A6A3928AC39B6005776B1 /* RequestAPIError.swift */; };
		995A6A3C28AC4021005776B1 /* HTTPClientError.swift in Sources */ = {isa = PBXBuildFile; fileRef = 995A6A3B28AC4021005776B1 /* HTTPClientError.swift */; };
/* End PBXBuildFile section */

/* Begin PBXFileReference section */
		991F905828AAD8BC0085050B /* MarketNews.app */ = {isa = PBXFileReference; explicitFileType = wrapper.application; includeInIndex = 0; path = MarketNews.app; sourceTree = BUILT_PRODUCTS_DIR; };
		991F905B28AAD8BC0085050B /* AppDelegate.swift */ = {isa = PBXFileReference; lastKnownFileType = sourcecode.swift; path = AppDelegate.swift; sourceTree = "<group>"; };
		991F905D28AAD8BC0085050B /* SceneDelegate.swift */ = {isa = PBXFileReference; lastKnownFileType = sourcecode.swift; path = SceneDelegate.swift; sourceTree = "<group>"; };
		991F906228AAD8BC0085050B /* Base */ = {isa = PBXFileReference; lastKnownFileType = file.storyboard; name = Base; path = Base.lproj/Main.storyboard; sourceTree = "<group>"; };
		991F906428AAD8BD0085050B /* Assets.xcassets */ = {isa = PBXFileReference; lastKnownFileType = folder.assetcatalog; path = Assets.xcassets; sourceTree = "<group>"; };
		991F906728AAD8BD0085050B /* Base */ = {isa = PBXFileReference; lastKnownFileType = file.storyboard; name = Base; path = Base.lproj/LaunchScreen.storyboard; sourceTree = "<group>"; };
		991F906928AAD8BD0085050B /* Info.plist */ = {isa = PBXFileReference; lastKnownFileType = text.plist.xml; path = Info.plist; sourceTree = "<group>"; };
		991F907228AAD9960085050B /* MarketNewsViewController.swift */ = {isa = PBXFileReference; lastKnownFileType = sourcecode.swift; path = MarketNewsViewController.swift; sourceTree = "<group>"; };
		991F907528AB2B9E0085050B /* HTTPMethod.swift */ = {isa = PBXFileReference; lastKnownFileType = sourcecode.swift; path = HTTPMethod.swift; sourceTree = "<group>"; };
		991F907728AB36570085050B /* HTTPClient.swift */ = {isa = PBXFileReference; lastKnownFileType = sourcecode.swift; path = HTTPClient.swift; sourceTree = "<group>"; };
		991F907928AB36990085050B /* HTTPStatusCodes.swift */ = {isa = PBXFileReference; lastKnownFileType = sourcecode.swift; path = HTTPStatusCodes.swift; sourceTree = "<group>"; };
		991F907B28AB3A610085050B /* Request.swift */ = {isa = PBXFileReference; lastKnownFileType = sourcecode.swift; path = Request.swift; sourceTree = "<group>"; };
		995A6A3928AC39B6005776B1 /* RequestAPIError.swift */ = {isa = PBXFileReference; lastKnownFileType = sourcecode.swift; path = RequestAPIError.swift; sourceTree = "<group>"; };
		995A6A3B28AC4021005776B1 /* HTTPClientError.swift */ = {isa = PBXFileReference; lastKnownFileType = sourcecode.swift; path = HTTPClientError.swift; sourceTree = "<group>"; };
/* End PBXFileReference section */

/* Begin PBXFrameworksBuildPhase section */
		991F905528AAD8BC0085050B /* Frameworks */ = {
			isa = PBXFrameworksBuildPhase;
			buildActionMask = 2147483647;
			files = (
			);
			runOnlyForDeploymentPostprocessing = 0;
		};
/* End PBXFrameworksBuildPhase section */

/* Begin PBXGroup section */
		991F904F28AAD8BC0085050B = {
			isa = PBXGroup;
			children = (
				991F905A28AAD8BC0085050B /* MarketNews */,
				991F905928AAD8BC0085050B /* Products */,
			);
			sourceTree = "<group>";
		};
		991F905928AAD8BC0085050B /* Products */ = {
			isa = PBXGroup;
			children = (
				991F905828AAD8BC0085050B /* MarketNews.app */,
			);
			name = Products;
			sourceTree = "<group>";
		};
		991F905A28AAD8BC0085050B /* MarketNews */ = {
			isa = PBXGroup;
			children = (
				995A6A3828AC39A7005776B1 /* Error */,
				991F907428AB2B8E0085050B /* Services */,
				991F907128AAD97F0085050B /* Controllers */,
				991F907028AAD8FB0085050B /* Assets&LaunchScreen */,
				991F906F28AAD8E70085050B /* AppDelegate */,
				991F906128AAD8BC0085050B /* Main.storyboard */,
				991F906928AAD8BD0085050B /* Info.plist */,
			);
			path = MarketNews;
			sourceTree = "<group>";
		};
		991F906F28AAD8E70085050B /* AppDelegate */ = {
			isa = PBXGroup;
			children = (
				991F905B28AAD8BC0085050B /* AppDelegate.swift */,
				991F905D28AAD8BC0085050B /* SceneDelegate.swift */,
			);
			path = AppDelegate;
			sourceTree = "<group>";
		};
		991F907028AAD8FB0085050B /* Assets&LaunchScreen */ = {
			isa = PBXGroup;
			children = (
				991F906628AAD8BD0085050B /* LaunchScreen.storyboard */,
				991F906428AAD8BD0085050B /* Assets.xcassets */,
			);
			path = "Assets&LaunchScreen";
			sourceTree = "<group>";
		};
		991F907128AAD97F0085050B /* Controllers */ = {
			isa = PBXGroup;
			children = (
				991F907228AAD9960085050B /* MarketNewsViewController.swift */,
			);
			path = Controllers;
			sourceTree = "<group>";
		};
		991F907428AB2B8E0085050B /* Services */ = {
			isa = PBXGroup;
			children = (
				991F907728AB36570085050B /* HTTPClient.swift */,
				991F907528AB2B9E0085050B /* HTTPMethod.swift */,
				991F907928AB36990085050B /* HTTPStatusCodes.swift */,
				991F907B28AB3A610085050B /* Request.swift */,
			);
			path = Services;
			sourceTree = "<group>";
		};
		995A6A3828AC39A7005776B1 /* Error */ = {
			isa = PBXGroup;
			children = (
				995A6A3928AC39B6005776B1 /* RequestAPIError.swift */,
				995A6A3B28AC4021005776B1 /* HTTPClientError.swift */,
			);
			path = Error;
			sourceTree = "<group>";
		};
/* End PBXGroup section */

/* Begin PBXNativeTarget section */
		991F905728AAD8BC0085050B /* MarketNews */ = {
			isa = PBXNativeTarget;
			buildConfigurationList = 991F906C28AAD8BD0085050B /* Build configuration list for PBXNativeTarget "MarketNews" */;
			buildPhases = (
				991F905428AAD8BC0085050B /* Sources */,
				991F905528AAD8BC0085050B /* Frameworks */,
				991F905628AAD8BC0085050B /* Resources */,
			);
			buildRules = (
			);
			dependencies = (
			);
			name = MarketNews;
			productName = MarketNews;
			productReference = 991F905828AAD8BC0085050B /* MarketNews.app */;
			productType = "com.apple.product-type.application";
		};
/* End PBXNativeTarget section */

/* Begin PBXProject section */
		991F905028AAD8BC0085050B /* Project object */ = {
			isa = PBXProject;
			attributes = {
				BuildIndependentTargetsInParallel = 1;
				LastSwiftUpdateCheck = 1340;
				LastUpgradeCheck = 1340;
				TargetAttributes = {
					991F905728AAD8BC0085050B = {
						CreatedOnToolsVersion = 13.4.1;
					};
				};
			};
			buildConfigurationList = 991F905328AAD8BC0085050B /* Build configuration list for PBXProject "MarketNews" */;
			compatibilityVersion = "Xcode 13.0";
			developmentRegion = en;
			hasScannedForEncodings = 0;
			knownRegions = (
				en,
				Base,
			);
			mainGroup = 991F904F28AAD8BC0085050B;
			productRefGroup = 991F905928AAD8BC0085050B /* Products */;
			projectDirPath = "";
			projectRoot = "";
			targets = (
				991F905728AAD8BC0085050B /* MarketNews */,
			);
		};
/* End PBXProject section */

/* Begin PBXResourcesBuildPhase section */
		991F905628AAD8BC0085050B /* Resources */ = {
			isa = PBXResourcesBuildPhase;
			buildActionMask = 2147483647;
			files = (
				991F906828AAD8BD0085050B /* LaunchScreen.storyboard in Resources */,
				991F906528AAD8BD0085050B /* Assets.xcassets in Resources */,
				991F906328AAD8BC0085050B /* Main.storyboard in Resources */,
			);
			runOnlyForDeploymentPostprocessing = 0;
		};
/* End PBXResourcesBuildPhase section */

/* Begin PBXSourcesBuildPhase section */
		991F905428AAD8BC0085050B /* Sources */ = {
			isa = PBXSourcesBuildPhase;
			buildActionMask = 2147483647;
			files = (
				995A6A3C28AC4021005776B1 /* HTTPClientError.swift in Sources */,
				991F907328AAD9960085050B /* MarketNewsViewController.swift in Sources */,
				991F907828AB36570085050B /* HTTPClient.swift in Sources */,
				991F905C28AAD8BC0085050B /* AppDelegate.swift in Sources */,
				991F907628AB2B9E0085050B /* HTTPMethod.swift in Sources */,
				991F907A28AB36990085050B /* HTTPStatusCodes.swift in Sources */,
				995A6A3A28AC39B6005776B1 /* RequestAPIError.swift in Sources */,
				991F905E28AAD8BC0085050B /* SceneDelegate.swift in Sources */,
				991F907C28AB3A610085050B /* Request.swift in Sources */,
			);
			runOnlyForDeploymentPostprocessing = 0;
		};
/* End PBXSourcesBuildPhase section */

/* Begin PBXVariantGroup section */
		991F906128AAD8BC0085050B /* Main.storyboard */ = {
			isa = PBXVariantGroup;
			children = (
				991F906228AAD8BC0085050B /* Base */,
			);
			name = Main.storyboard;
			sourceTree = "<group>";
		};
		991F906628AAD8BD0085050B /* LaunchScreen.storyboard */ = {
			isa = PBXVariantGroup;
			children = (
				991F906728AAD8BD0085050B /* Base */,
			);
			name = LaunchScreen.storyboard;
			sourceTree = "<group>";
		};
/* End PBXVariantGroup section */

/* Begin XCBuildConfiguration section */
		991F906A28AAD8BD0085050B /* Debug */ = {
			isa = XCBuildConfiguration;
			buildSettings = {
				ALWAYS_SEARCH_USER_PATHS = NO;
				CLANG_ANALYZER_NONNULL = YES;
				CLANG_ANALYZER_NUMBER_OBJECT_CONVERSION = YES_AGGRESSIVE;
				CLANG_CXX_LANGUAGE_STANDARD = "gnu++17";
				CLANG_ENABLE_MODULES = YES;
				CLANG_ENABLE_OBJC_ARC = YES;
				CLANG_ENABLE_OBJC_WEAK = YES;
				CLANG_WARN_BLOCK_CAPTURE_AUTORELEASING = YES;
				CLANG_WARN_BOOL_CONVERSION = YES;
				CLANG_WARN_COMMA = YES;
				CLANG_WARN_CONSTANT_CONVERSION = YES;
				CLANG_WARN_DEPRECATED_OBJC_IMPLEMENTATIONS = YES;
				CLANG_WARN_DIRECT_OBJC_ISA_USAGE = YES_ERROR;
				CLANG_WARN_DOCUMENTATION_COMMENTS = YES;
				CLANG_WARN_EMPTY_BODY = YES;
				CLANG_WARN_ENUM_CONVERSION = YES;
				CLANG_WARN_INFINITE_RECURSION = YES;
				CLANG_WARN_INT_CONVERSION = YES;
				CLANG_WARN_NON_LITERAL_NULL_CONVERSION = YES;
				CLANG_WARN_OBJC_IMPLICIT_RETAIN_SELF = YES;
				CLANG_WARN_OBJC_LITERAL_CONVERSION = YES;
				CLANG_WARN_OBJC_ROOT_CLASS = YES_ERROR;
				CLANG_WARN_QUOTED_INCLUDE_IN_FRAMEWORK_HEADER = YES;
				CLANG_WARN_RANGE_LOOP_ANALYSIS = YES;
				CLANG_WARN_STRICT_PROTOTYPES = YES;
				CLANG_WARN_SUSPICIOUS_MOVE = YES;
				CLANG_WARN_UNGUARDED_AVAILABILITY = YES_AGGRESSIVE;
				CLANG_WARN_UNREACHABLE_CODE = YES;
				CLANG_WARN__DUPLICATE_METHOD_MATCH = YES;
				COPY_PHASE_STRIP = NO;
				DEBUG_INFORMATION_FORMAT = dwarf;
				ENABLE_STRICT_OBJC_MSGSEND = YES;
				ENABLE_TESTABILITY = YES;
				GCC_C_LANGUAGE_STANDARD = gnu11;
				GCC_DYNAMIC_NO_PIC = NO;
				GCC_NO_COMMON_BLOCKS = YES;
				GCC_OPTIMIZATION_LEVEL = 0;
				GCC_PREPROCESSOR_DEFINITIONS = (
					"DEBUG=1",
					"$(inherited)",
				);
				GCC_WARN_64_TO_32_BIT_CONVERSION = YES;
				GCC_WARN_ABOUT_RETURN_TYPE = YES_ERROR;
				GCC_WARN_UNDECLARED_SELECTOR = YES;
				GCC_WARN_UNINITIALIZED_AUTOS = YES_AGGRESSIVE;
				GCC_WARN_UNUSED_FUNCTION = YES;
				GCC_WARN_UNUSED_VARIABLE = YES;
				IPHONEOS_DEPLOYMENT_TARGET = 15.5;
				MTL_ENABLE_DEBUG_INFO = INCLUDE_SOURCE;
				MTL_FAST_MATH = YES;
				ONLY_ACTIVE_ARCH = YES;
				SDKROOT = iphoneos;
				SWIFT_ACTIVE_COMPILATION_CONDITIONS = DEBUG;
				SWIFT_OPTIMIZATION_LEVEL = "-Onone";
			};
			name = Debug;
		};
		991F906B28AAD8BD0085050B /* Release */ = {
			isa = XCBuildConfiguration;
			buildSettings = {
				ALWAYS_SEARCH_USER_PATHS = NO;
				CLANG_ANALYZER_NONNULL = YES;
				CLANG_ANALYZER_NUMBER_OBJECT_CONVERSION = YES_AGGRESSIVE;
				CLANG_CXX_LANGUAGE_STANDARD = "gnu++17";
				CLANG_ENABLE_MODULES = YES;
				CLANG_ENABLE_OBJC_ARC = YES;
				CLANG_ENABLE_OBJC_WEAK = YES;
				CLANG_WARN_BLOCK_CAPTURE_AUTORELEASING = YES;
				CLANG_WARN_BOOL_CONVERSION = YES;
				CLANG_WARN_COMMA = YES;
				CLANG_WARN_CONSTANT_CONVERSION = YES;
				CLANG_WARN_DEPRECATED_OBJC_IMPLEMENTATIONS = YES;
				CLANG_WARN_DIRECT_OBJC_ISA_USAGE = YES_ERROR;
				CLANG_WARN_DOCUMENTATION_COMMENTS = YES;
				CLANG_WARN_EMPTY_BODY = YES;
				CLANG_WARN_ENUM_CONVERSION = YES;
				CLANG_WARN_INFINITE_RECURSION = YES;
				CLANG_WARN_INT_CONVERSION = YES;
				CLANG_WARN_NON_LITERAL_NULL_CONVERSION = YES;
				CLANG_WARN_OBJC_IMPLICIT_RETAIN_SELF = YES;
				CLANG_WARN_OBJC_LITERAL_CONVERSION = YES;
				CLANG_WARN_OBJC_ROOT_CLASS = YES_ERROR;
				CLANG_WARN_QUOTED_INCLUDE_IN_FRAMEWORK_HEADER = YES;
				CLANG_WARN_RANGE_LOOP_ANALYSIS = YES;
				CLANG_WARN_STRICT_PROTOTYPES = YES;
				CLANG_WARN_SUSPICIOUS_MOVE = YES;
				CLANG_WARN_UNGUARDED_AVAILABILITY = YES_AGGRESSIVE;
				CLANG_WARN_UNREACHABLE_CODE = YES;
				CLANG_WARN__DUPLICATE_METHOD_MATCH = YES;
				COPY_PHASE_STRIP = NO;
				DEBUG_INFORMATION_FORMAT = "dwarf-with-dsym";
				ENABLE_NS_ASSERTIONS = NO;
				ENABLE_STRICT_OBJC_MSGSEND = YES;
				GCC_C_LANGUAGE_STANDARD = gnu11;
				GCC_NO_COMMON_BLOCKS = YES;
				GCC_WARN_64_TO_32_BIT_CONVERSION = YES;
				GCC_WARN_ABOUT_RETURN_TYPE = YES_ERROR;
				GCC_WARN_UNDECLARED_SELECTOR = YES;
				GCC_WARN_UNINITIALIZED_AUTOS = YES_AGGRESSIVE;
				GCC_WARN_UNUSED_FUNCTION = YES;
				GCC_WARN_UNUSED_VARIABLE = YES;
				IPHONEOS_DEPLOYMENT_TARGET = 15.5;
				MTL_ENABLE_DEBUG_INFO = NO;
				MTL_FAST_MATH = YES;
				SDKROOT = iphoneos;
				SWIFT_COMPILATION_MODE = wholemodule;
				SWIFT_OPTIMIZATION_LEVEL = "-O";
				VALIDATE_PRODUCT = YES;
			};
			name = Release;
		};
		991F906D28AAD8BD0085050B /* Debug */ = {
			isa = XCBuildConfiguration;
			buildSettings = {
				ASSETCATALOG_COMPILER_APPICON_NAME = AppIcon;
				ASSETCATALOG_COMPILER_GLOBAL_ACCENT_COLOR_NAME = AccentColor;
				CODE_SIGN_STYLE = Automatic;
				CURRENT_PROJECT_VERSION = 1;
				DEVELOPMENT_TEAM = XSH9P55B5U;
				GENERATE_INFOPLIST_FILE = YES;
				INFOPLIST_FILE = MarketNews/Info.plist;
				INFOPLIST_KEY_UIApplicationSupportsIndirectInputEvents = YES;
				INFOPLIST_KEY_UILaunchStoryboardName = LaunchScreen;
				INFOPLIST_KEY_UIMainStoryboardFile = Main;
				INFOPLIST_KEY_UISupportedInterfaceOrientations_iPad = "UIInterfaceOrientationPortrait UIInterfaceOrientationPortraitUpsideDown UIInterfaceOrientationLandscapeLeft UIInterfaceOrientationLandscapeRight";
				INFOPLIST_KEY_UISupportedInterfaceOrientations_iPhone = "UIInterfaceOrientationPortrait UIInterfaceOrientationLandscapeLeft UIInterfaceOrientationLandscapeRight";
				LD_RUNPATH_SEARCH_PATHS = (
					"$(inherited)",
					"@executable_path/Frameworks",
				);
				MARKETING_VERSION = 1.0;
				PRODUCT_BUNDLE_IDENTIFIER = com.fraser.matthew.MarketNews;
				PRODUCT_NAME = "$(TARGET_NAME)";
				SWIFT_EMIT_LOC_STRINGS = YES;
				SWIFT_VERSION = 5.0;
				TARGETED_DEVICE_FAMILY = "1,2";
			};
			name = Debug;
		};
		991F906E28AAD8BD0085050B /* Release */ = {
			isa = XCBuildConfiguration;
			buildSettings = {
				ASSETCATALOG_COMPILER_APPICON_NAME = AppIcon;
				ASSETCATALOG_COMPILER_GLOBAL_ACCENT_COLOR_NAME = AccentColor;
				CODE_SIGN_STYLE = Automatic;
				CURRENT_PROJECT_VERSION = 1;
				DEVELOPMENT_TEAM = XSH9P55B5U;
				GENERATE_INFOPLIST_FILE = YES;
				INFOPLIST_FILE = MarketNews/Info.plist;
				INFOPLIST_KEY_UIApplicationSupportsIndirectInputEvents = YES;
				INFOPLIST_KEY_UILaunchStoryboardName = LaunchScreen;
				INFOPLIST_KEY_UIMainStoryboardFile = Main;
				INFOPLIST_KEY_UISupportedInterfaceOrientations_iPad = "UIInterfaceOrientationPortrait UIInterfaceOrientationPortraitUpsideDown UIInterfaceOrientationLandscapeLeft UIInterfaceOrientationLandscapeRight";
				INFOPLIST_KEY_UISupportedInterfaceOrientations_iPhone = "UIInterfaceOrientationPortrait UIInterfaceOrientationLandscapeLeft UIInterfaceOrientationLandscapeRight";
				LD_RUNPATH_SEARCH_PATHS = (
					"$(inherited)",
					"@executable_path/Frameworks",
				);
				MARKETING_VERSION = 1.0;
				PRODUCT_BUNDLE_IDENTIFIER = com.fraser.matthew.MarketNews;
				PRODUCT_NAME = "$(TARGET_NAME)";
				SWIFT_EMIT_LOC_STRINGS = YES;
				SWIFT_VERSION = 5.0;
				TARGETED_DEVICE_FAMILY = "1,2";
			};
			name = Release;
		};
/* End XCBuildConfiguration section */

/* Begin XCConfigurationList section */
		991F905328AAD8BC0085050B /* Build configuration list for PBXProject "MarketNews" */ = {
			isa = XCConfigurationList;
			buildConfigurations = (
				991F906A28AAD8BD0085050B /* Debug */,
				991F906B28AAD8BD0085050B /* Release */,
			);
			defaultConfigurationIsVisible = 0;
			defaultConfigurationName = Release;
		};
		991F906C28AAD8BD0085050B /* Build configuration list for PBXNativeTarget "MarketNews" */ = {
			isa = XCConfigurationList;
			buildConfigurations = (
				991F906D28AAD8BD0085050B /* Debug */,
				991F906E28AAD8BD0085050B /* Release */,
			);
			defaultConfigurationIsVisible = 0;
			defaultConfigurationName = Release;
		};
/* End XCConfigurationList section */
	};
	rootObject = 991F905028AAD8BC0085050B /* Project object */;
}
